
Microsoft Visual Studio Solution File, Format Version 12.00
# Visual Studio 15
VisualStudioVersion = 15.0.26403.7
MinimumVisualStudioVersion = 10.0.40219.1
Project("{9A19103F-16F7-4668-BE54-9A1E7A4F7556}") = "LoadTestToolbox", "src\LoadTestToolbox.csproj", "{C557FE05-D66F-4D32-9C0A-CDEFB9BC33ED}"
EndProject
Project("{FAE04EC0-301F-11D3-BF4B-00C04F79EFBC}") = "LoadTestToolbox.Tests", "test\LoadTestToolbox.Tests.csproj", "{3F4784EE-FF9F-4968-8C46-54C409270792}"
EndProject
Global
	GlobalSection(SolutionConfigurationPlatforms) = preSolution
		Debug|Any CPU = Debug|Any CPU
		Release|Any CPU = Release|Any CPU
	EndGlobalSection
	GlobalSection(ProjectConfigurationPlatforms) = postSolution
		{C557FE05-D66F-4D32-9C0A-CDEFB9BC33ED}.Debug|Any CPU.ActiveCfg = Debug|Any CPU
		{C557FE05-D66F-4D32-9C0A-CDEFB9BC33ED}.Debug|Any CPU.Build.0 = Debug|Any CPU
		{C557FE05-D66F-4D32-9C0A-CDEFB9BC33ED}.Release|Any CPU.ActiveCfg = Release|Any CPU
		{C557FE05-D66F-4D32-9C0A-CDEFB9BC33ED}.Release|Any CPU.Build.0 = Release|Any CPU
		{3F4784EE-FF9F-4968-8C46-54C409270792}.Debug|Any CPU.ActiveCfg = Debug|Any CPU
		{3F4784EE-FF9F-4968-8C46-54C409270792}.Debug|Any CPU.Build.0 = Debug|Any CPU
		{3F4784EE-FF9F-4968-8C46-54C409270792}.Release|Any CPU.ActiveCfg = Release|Any CPU
		{3F4784EE-FF9F-4968-8C46-54C409270792}.Release|Any CPU.Build.0 = Release|Any CPU
	EndGlobalSection
	GlobalSection(SolutionProperties) = preSolution
		HideSolutionNode = FALSE
	EndGlobalSection
EndGlobal
