
Microsoft Visual Studio Solution File, Format Version 12.00
# Visual Studio 14
VisualStudioVersion = 14.0.24720.0
MinimumVisualStudioVersion = 10.0.40219.1
Project("{8BB2217D-0F2D-49D1-97BC-3654ED321F3B}") = "Drill", "Drill\Drill.xproj", "{A0FB8CD1-A879-4440-8013-652B787FBBE2}"
EndProject
Project("{8BB2217D-0F2D-49D1-97BC-3654ED321F3B}") = "Hammer", "Hammer\Hammer.xproj", "{091935C1-CDBE-4D47-8D8A-9B377098178A}"
EndProject
Project("{2150E333-8FDC-42A3-9474-1A3956D46DE8}") = "Testing", "Testing", "{F9D33AC2-0208-47EA-867F-BE3F6ED3E359}"
EndProject
Project("{FAE04EC0-301F-11D3-BF4B-00C04F79EFBC}") = "LoadTestToolbox.Common.Tests", "LoadTestToolbox.Common.Tests\LoadTestToolbox.Common.Tests.csproj", "{03B416A8-28A8-430B-B7D1-D7162134D0F8}"
EndProject
Project("{FAE04EC0-301F-11D3-BF4B-00C04F79EFBC}") = "LoadTestToolbox.Drill.Tests", "LoadTestToolbox.Drill.Tests\LoadTestToolbox.Drill.Tests.csproj", "{324E4FC9-4202-4A4A-9113-AD26B8318183}"
EndProject
Project("{FAE04EC0-301F-11D3-BF4B-00C04F79EFBC}") = "LoadTestToolbox.Hammer.Tests", "LoadTestToolbox.Hammer.Tests\LoadTestToolbox.Hammer.Tests.csproj", "{532935B2-0E57-45A2-8208-BCD8FE0238A0}"
EndProject
Project("{2150E333-8FDC-42A3-9474-1A3956D46DE8}") = "Libraries", "Libraries", "{659E0136-9FB2-4991-8249-725EC375DC73}"
EndProject
Project("{FAE04EC0-301F-11D3-BF4B-00C04F79EFBC}") = "LoadTestToolbox.Common", "LoadTestToolbox.Common\LoadTestToolbox.Common.csproj", "{32B48F01-1DDC-4053-806F-86B2E1CC28A5}"
EndProject
Project("{FAE04EC0-301F-11D3-BF4B-00C04F79EFBC}") = "LoadTestToolbox.Drill", "LoadTestToolbox.Drill\LoadTestToolbox.Drill.csproj", "{381CDD30-25BC-433F-9157-C020E6F1A6EB}"
EndProject
Project("{FAE04EC0-301F-11D3-BF4B-00C04F79EFBC}") = "LoadTestToolbox.Hammer", "LoadTestToolbox.Hammer\LoadTestToolbox.Hammer.csproj", "{6ABFEB81-70E8-495E-B646-DE0DD6E04488}"
EndProject
Global
	GlobalSection(SolutionConfigurationPlatforms) = preSolution
		Debug|Any CPU = Debug|Any CPU
		Release|Any CPU = Release|Any CPU
	EndGlobalSection
	GlobalSection(ProjectConfigurationPlatforms) = postSolution
		{A0FB8CD1-A879-4440-8013-652B787FBBE2}.Debug|Any CPU.ActiveCfg = Debug|Any CPU
		{A0FB8CD1-A879-4440-8013-652B787FBBE2}.Debug|Any CPU.Build.0 = Debug|Any CPU
		{A0FB8CD1-A879-4440-8013-652B787FBBE2}.Release|Any CPU.ActiveCfg = Release|Any CPU
		{A0FB8CD1-A879-4440-8013-652B787FBBE2}.Release|Any CPU.Build.0 = Release|Any CPU
		{091935C1-CDBE-4D47-8D8A-9B377098178A}.Debug|Any CPU.ActiveCfg = Debug|Any CPU
		{091935C1-CDBE-4D47-8D8A-9B377098178A}.Debug|Any CPU.Build.0 = Debug|Any CPU
		{091935C1-CDBE-4D47-8D8A-9B377098178A}.Release|Any CPU.ActiveCfg = Release|Any CPU
		{091935C1-CDBE-4D47-8D8A-9B377098178A}.Release|Any CPU.Build.0 = Release|Any CPU
		{03B416A8-28A8-430B-B7D1-D7162134D0F8}.Debug|Any CPU.ActiveCfg = Debug|Any CPU
		{03B416A8-28A8-430B-B7D1-D7162134D0F8}.Debug|Any CPU.Build.0 = Debug|Any CPU
		{03B416A8-28A8-430B-B7D1-D7162134D0F8}.Release|Any CPU.ActiveCfg = Release|Any CPU
		{03B416A8-28A8-430B-B7D1-D7162134D0F8}.Release|Any CPU.Build.0 = Release|Any CPU
		{324E4FC9-4202-4A4A-9113-AD26B8318183}.Debug|Any CPU.ActiveCfg = Debug|Any CPU
		{324E4FC9-4202-4A4A-9113-AD26B8318183}.Debug|Any CPU.Build.0 = Debug|Any CPU
		{324E4FC9-4202-4A4A-9113-AD26B8318183}.Release|Any CPU.ActiveCfg = Release|Any CPU
		{324E4FC9-4202-4A4A-9113-AD26B8318183}.Release|Any CPU.Build.0 = Release|Any CPU
		{532935B2-0E57-45A2-8208-BCD8FE0238A0}.Debug|Any CPU.ActiveCfg = Debug|Any CPU
		{532935B2-0E57-45A2-8208-BCD8FE0238A0}.Debug|Any CPU.Build.0 = Debug|Any CPU
		{532935B2-0E57-45A2-8208-BCD8FE0238A0}.Release|Any CPU.ActiveCfg = Release|Any CPU
		{532935B2-0E57-45A2-8208-BCD8FE0238A0}.Release|Any CPU.Build.0 = Release|Any CPU
		{32B48F01-1DDC-4053-806F-86B2E1CC28A5}.Debug|Any CPU.ActiveCfg = Debug|Any CPU
		{32B48F01-1DDC-4053-806F-86B2E1CC28A5}.Debug|Any CPU.Build.0 = Debug|Any CPU
		{32B48F01-1DDC-4053-806F-86B2E1CC28A5}.Release|Any CPU.ActiveCfg = Release|Any CPU
		{32B48F01-1DDC-4053-806F-86B2E1CC28A5}.Release|Any CPU.Build.0 = Release|Any CPU
		{381CDD30-25BC-433F-9157-C020E6F1A6EB}.Debug|Any CPU.ActiveCfg = Debug|Any CPU
		{381CDD30-25BC-433F-9157-C020E6F1A6EB}.Debug|Any CPU.Build.0 = Debug|Any CPU
		{381CDD30-25BC-433F-9157-C020E6F1A6EB}.Release|Any CPU.ActiveCfg = Release|Any CPU
		{381CDD30-25BC-433F-9157-C020E6F1A6EB}.Release|Any CPU.Build.0 = Release|Any CPU
		{6ABFEB81-70E8-495E-B646-DE0DD6E04488}.Debug|Any CPU.ActiveCfg = Debug|Any CPU
		{6ABFEB81-70E8-495E-B646-DE0DD6E04488}.Debug|Any CPU.Build.0 = Debug|Any CPU
		{6ABFEB81-70E8-495E-B646-DE0DD6E04488}.Release|Any CPU.ActiveCfg = Release|Any CPU
		{6ABFEB81-70E8-495E-B646-DE0DD6E04488}.Release|Any CPU.Build.0 = Release|Any CPU
	EndGlobalSection
	GlobalSection(SolutionProperties) = preSolution
		HideSolutionNode = FALSE
	EndGlobalSection
	GlobalSection(NestedProjects) = preSolution
		{F9D33AC2-0208-47EA-867F-BE3F6ED3E359} = {659E0136-9FB2-4991-8249-725EC375DC73}
		{03B416A8-28A8-430B-B7D1-D7162134D0F8} = {F9D33AC2-0208-47EA-867F-BE3F6ED3E359}
		{324E4FC9-4202-4A4A-9113-AD26B8318183} = {F9D33AC2-0208-47EA-867F-BE3F6ED3E359}
		{532935B2-0E57-45A2-8208-BCD8FE0238A0} = {F9D33AC2-0208-47EA-867F-BE3F6ED3E359}
		{32B48F01-1DDC-4053-806F-86B2E1CC28A5} = {659E0136-9FB2-4991-8249-725EC375DC73}
		{381CDD30-25BC-433F-9157-C020E6F1A6EB} = {659E0136-9FB2-4991-8249-725EC375DC73}
		{6ABFEB81-70E8-495E-B646-DE0DD6E04488} = {659E0136-9FB2-4991-8249-725EC375DC73}
	EndGlobalSection
EndGlobal
